
Microsoft Visual Studio Solution File, Format Version 12.00
# Visual Studio Version 16
VisualStudioVersion = 16.0.30804.86
MinimumVisualStudioVersion = 10.0.40219.1
Project("{FAE04EC0-301F-11D3-BF4B-00C04F79EFBC}") = "RPG_Project", "RPG_Project\RPG_Project.csproj", "{B751644E-A6BB-4165-B0A5-449DFBAD660D}"
EndProject
Global
	GlobalSection(SolutionConfigurationPlatforms) = preSolution
		Debug|Any CPU = Debug|Any CPU
		Release|Any CPU = Release|Any CPU
	EndGlobalSection
	GlobalSection(ProjectConfigurationPlatforms) = postSolution
		{B751644E-A6BB-4165-B0A5-449DFBAD660D}.Debug|Any CPU.ActiveCfg = Debug|Any CPU
		{B751644E-A6BB-4165-B0A5-449DFBAD660D}.Debug|Any CPU.Build.0 = Debug|Any CPU
		{B751644E-A6BB-4165-B0A5-449DFBAD660D}.Release|Any CPU.ActiveCfg = Release|Any CPU
		{B751644E-A6BB-4165-B0A5-449DFBAD660D}.Release|Any CPU.Build.0 = Release|Any CPU
	EndGlobalSection
	GlobalSection(SolutionProperties) = preSolution
		HideSolutionNode = FALSE
	EndGlobalSection
	GlobalSection(ExtensibilityGlobals) = postSolution
		SolutionGuid = {6F7DC5D8-BDF6-4F49-8CB2-FA095667A1E8}
	EndGlobalSection
EndGlobal
